// !$*UTF8*$!
{
	archiveVersion = 1;
	classes = {
	};
	objectVersion = 48;
	objects = {

/* Begin PBXBuildFile section */
		CD00A83320D95677003F6A9D /* 하트.jpeg in Resources */ = {isa = PBXBuildFile; fileRef = CD00A83220D95677003F6A9D /* 하트.jpeg */; };
		CD00A83520D956C4003F6A9D /* logout.png in Resources */ = {isa = PBXBuildFile; fileRef = CD00A83420D956C4003F6A9D /* logout.png */; };
		CD00A83720D95AF6003F6A9D /* MoreDetailViewController.swift in Sources */ = {isa = PBXBuildFile; fileRef = CD00A83620D95AF6003F6A9D /* MoreDetailViewController.swift */; };
		CD00A83920D95C6B003F6A9D /* 카메라.png in Resources */ = {isa = PBXBuildFile; fileRef = CD00A83820D95C6B003F6A9D /* 카메라.png */; };
		CD00A83B20D95D27003F6A9D /* 스와레 지도.png in Resources */ = {isa = PBXBuildFile; fileRef = CD00A83A20D95D27003F6A9D /* 스와레 지도.png */; };
		CD00A83D20D95E6F003F6A9D /* 스와레 메뉴.png in Resources */ = {isa = PBXBuildFile; fileRef = CD00A83C20D95E6F003F6A9D /* 스와레 메뉴.png */; };
		CD00A83F20D968D2003F6A9D /* DetailData.swift in Sources */ = {isa = PBXBuildFile; fileRef = CD00A83E20D968D2003F6A9D /* DetailData.swift */; };
		CD00A84120D993BA003F6A9D /* SelfAddViewController.swift in Sources */ = {isa = PBXBuildFile; fileRef = CD00A84020D993BA003F6A9D /* SelfAddViewController.swift */; };
		CD00A84320D996B8003F6A9D /* 체크.png in Resources */ = {isa = PBXBuildFile; fileRef = CD00A84220D996B8003F6A9D /* 체크.png */; };
		CD00A84520D9A3D1003F6A9D /* 배경화면1.png in Resources */ = {isa = PBXBuildFile; fileRef = CD00A84420D9A3D1003F6A9D /* 배경화면1.png */; };
		CD00A84B20D9AB8C003F6A9D /* 배경화면3.png in Resources */ = {isa = PBXBuildFile; fileRef = CD00A84A20D9AB8B003F6A9D /* 배경화면3.png */; };
		CD00A85120D9B41D003F6A9D /* 배경화면6.png in Resources */ = {isa = PBXBuildFile; fileRef = CD00A85020D9B41D003F6A9D /* 배경화면6.png */; };
		CD00A85520D9B8C1003F6A9D /* 스와레2.png in Resources */ = {isa = PBXBuildFile; fileRef = CD00A85420D9B8C0003F6A9D /* 스와레2.png */; };
		CD00A85720D9BBB5003F6A9D /* 스와레 가는길.jpeg in Resources */ = {isa = PBXBuildFile; fileRef = CD00A85620D9BBB5003F6A9D /* 스와레 가는길.jpeg */; };
		CD00A85920D9C0BA003F6A9D /* arrow.png in Resources */ = {isa = PBXBuildFile; fileRef = CD00A85820D9C0BA003F6A9D /* arrow.png */; };
		CD00A85B20D9C0C4003F6A9D /* call.png in Resources */ = {isa = PBXBuildFile; fileRef = CD00A85A20D9C0C0003F6A9D /* call.png */; };
		CD00A85D20D9C0C9003F6A9D /* clock.png in Resources */ = {isa = PBXBuildFile; fileRef = CD00A85C20D9C0C6003F6A9D /* clock.png */; };
		CD00A85F20D9C0D7003F6A9D /* name.png in Resources */ = {isa = PBXBuildFile; fileRef = CD00A85E20D9C0D4003F6A9D /* name.png */; };
		CD00A86120D9C0DF003F6A9D /* review.png in Resources */ = {isa = PBXBuildFile; fileRef = CD00A86020D9C0DC003F6A9D /* review.png */; };
		CD00A86320D9C0EE003F6A9D /* comment.png in Resources */ = {isa = PBXBuildFile; fileRef = CD00A86220D9C0EB003F6A9D /* comment.png */; };
		CD00A86520D9C0F5003F6A9D /* address.png in Resources */ = {isa = PBXBuildFile; fileRef = CD00A86420D9C0F2003F6A9D /* address.png */; };
		CD00A86720D9C101003F6A9D /* shutdown.png in Resources */ = {isa = PBXBuildFile; fileRef = CD00A86620D9C100003F6A9D /* shutdown.png */; };
		CD00A86920D9C112003F6A9D /* menu.png in Resources */ = {isa = PBXBuildFile; fileRef = CD00A86820D9C10F003F6A9D /* menu.png */; };
		CD00A86B20D9C11D003F6A9D /* map.png in Resources */ = {isa = PBXBuildFile; fileRef = CD00A86A20D9C11D003F6A9D /* map.png */; };
		CD3FFFCC20D9432400496C79 /* AppDelegate.swift in Sources */ = {isa = PBXBuildFile; fileRef = CD3FFFCB20D9432400496C79 /* AppDelegate.swift */; };
		CD3FFFD120D9432400496C79 /* Main.storyboard in Resources */ = {isa = PBXBuildFile; fileRef = CD3FFFCF20D9432400496C79 /* Main.storyboard */; };
		CD3FFFD320D9432400496C79 /* Assets.xcassets in Resources */ = {isa = PBXBuildFile; fileRef = CD3FFFD220D9432400496C79 /* Assets.xcassets */; };
		CD3FFFD620D9432400496C79 /* LaunchScreen.storyboard in Resources */ = {isa = PBXBuildFile; fileRef = CD3FFFD420D9432400496C79 /* LaunchScreen.storyboard */; };
		CD3FFFDE20D9436800496C79 /* LoginViewController.swift in Sources */ = {isa = PBXBuildFile; fileRef = CD3FFFDD20D9436800496C79 /* LoginViewController.swift */; };
		CD49DEEA20D9461500089C5C /* CreateViewController.swift in Sources */ = {isa = PBXBuildFile; fileRef = CD49DEE920D9461500089C5C /* CreateViewController.swift */; };
		CD49DEEC20D9476700089C5C /* InputViewController.swift in Sources */ = {isa = PBXBuildFile; fileRef = CD49DEEB20D9476700089C5C /* InputViewController.swift */; };
		CD49DEF120D9491D00089C5C /* MainTableViewController.swift in Sources */ = {isa = PBXBuildFile; fileRef = CD49DEF020D9491D00089C5C /* MainTableViewController.swift */; };
		CD49DF1520D94AD500089C5C /* _016120081.xcdatamodeld in Sources */ = {isa = PBXBuildFile; fileRef = CD49DF1320D94AD500089C5C /* _016120081.xcdatamodeld */; };
		CD49DF1720D94E0600089C5C /* DetailViewController.swift in Sources */ = {isa = PBXBuildFile; fileRef = CD49DF1620D94E0600089C5C /* DetailViewController.swift */; };
		CD49DF1920D94F1000089C5C /* CameraViewController.swift in Sources */ = {isa = PBXBuildFile; fileRef = CD49DF1820D94F1000089C5C /* CameraViewController.swift */; };
		CD49DF1B20D94F9500089C5C /* AutoAddViewController.swift in Sources */ = {isa = PBXBuildFile; fileRef = CD49DF1A20D94F9500089C5C /* AutoAddViewController.swift */; };
		CD49DF1D20D950E300089C5C /* AlbumViewController.swift in Sources */ = {isa = PBXBuildFile; fileRef = CD49DF1C20D950E300089C5C /* AlbumViewController.swift */; };
		CD49DF1F20D9518100089C5C /* AlbumCollectionViewCell.swift in Sources */ = {isa = PBXBuildFile; fileRef = CD49DF1E20D9518100089C5C /* AlbumCollectionViewCell.swift */; };
		CD49DF2120D951B900089C5C /* Supporting File.swift in Sources */ = {isa = PBXBuildFile; fileRef = CD49DF2020D951B900089C5C /* Supporting File.swift */; };
		CD49DF2620D9538C00089C5C /* 레전드 실내 양궁장.png in Resources */ = {isa = PBXBuildFile; fileRef = CD49DF2520D9538C00089C5C /* 레전드 실내 양궁장.png */; };
		CD49DF2820D9539300089C5C /* 롯데백화점 노원점.png in Resources */ = {isa = PBXBuildFile; fileRef = CD49DF2720D9539300089C5C /* 롯데백화점 노원점.png */; };
		CD49DF2A20D9539700089C5C /* 소라분식.png in Resources */ = {isa = PBXBuildFile; fileRef = CD49DF2920D9539700089C5C /* 소라분식.png */; };
		CD49DF2C20D9539C00089C5C /* 스와레.png in Resources */ = {isa = PBXBuildFile; fileRef = CD49DF2B20D9539C00089C5C /* 스와레.png */; };
		CD49DF2E20D953A100089C5C /* 중계근린공원.png in Resources */ = {isa = PBXBuildFile; fileRef = CD49DF2D20D953A100089C5C /* 중계근린공원.png */; };
/* End PBXBuildFile section */

/* Begin PBXFileReference section */
		CD00A83220D95677003F6A9D /* 하트.jpeg */ = {isa = PBXFileReference; lastKnownFileType = image.jpeg; path = "하트.jpeg"; sourceTree = "<group>"; };
		CD00A83420D956C4003F6A9D /* logout.png */ = {isa = PBXFileReference; lastKnownFileType = image.png; path = logout.png; sourceTree = "<group>"; };
		CD00A83620D95AF6003F6A9D /* MoreDetailViewController.swift */ = {isa = PBXFileReference; lastKnownFileType = sourcecode.swift; path = MoreDetailViewController.swift; sourceTree = "<group>"; };
		CD00A83820D95C6B003F6A9D /* 카메라.png */ = {isa = PBXFileReference; lastKnownFileType = image.png; path = "카메라.png"; sourceTree = "<group>"; };
		CD00A83A20D95D27003F6A9D /* 스와레 지도.png */ = {isa = PBXFileReference; lastKnownFileType = image.png; path = "스와레 지도.png"; sourceTree = "<group>"; };
		CD00A83C20D95E6F003F6A9D /* 스와레 메뉴.png */ = {isa = PBXFileReference; lastKnownFileType = image.png; path = "스와레 메뉴.png"; sourceTree = "<group>"; };
		CD00A83E20D968D2003F6A9D /* DetailData.swift */ = {isa = PBXFileReference; lastKnownFileType = sourcecode.swift; path = DetailData.swift; sourceTree = "<group>"; };
		CD00A84020D993BA003F6A9D /* SelfAddViewController.swift */ = {isa = PBXFileReference; lastKnownFileType = sourcecode.swift; path = SelfAddViewController.swift; sourceTree = "<group>"; };
		CD00A84220D996B8003F6A9D /* 체크.png */ = {isa = PBXFileReference; lastKnownFileType = image.png; path = "체크.png"; sourceTree = "<group>"; };
		CD00A84420D9A3D1003F6A9D /* 배경화면1.png */ = {isa = PBXFileReference; lastKnownFileType = image.png; path = "배경화면1.png"; sourceTree = "<group>"; };
		CD00A84A20D9AB8B003F6A9D /* 배경화면3.png */ = {isa = PBXFileReference; lastKnownFileType = image.png; path = "배경화면3.png"; sourceTree = "<group>"; };
		CD00A85020D9B41D003F6A9D /* 배경화면6.png */ = {isa = PBXFileReference; lastKnownFileType = image.png; path = "배경화면6.png"; sourceTree = "<group>"; };
		CD00A85420D9B8C0003F6A9D /* 스와레2.png */ = {isa = PBXFileReference; lastKnownFileType = image.png; path = "스와레2.png"; sourceTree = "<group>"; };
		CD00A85620D9BBB5003F6A9D /* 스와레 가는길.jpeg */ = {isa = PBXFileReference; lastKnownFileType = image.jpeg; path = "스와레 가는길.jpeg"; sourceTree = "<group>"; };
		CD00A85820D9C0BA003F6A9D /* arrow.png */ = {isa = PBXFileReference; lastKnownFileType = image.png; path = arrow.png; sourceTree = "<group>"; };
		CD00A85A20D9C0C0003F6A9D /* call.png */ = {isa = PBXFileReference; lastKnownFileType = image.png; path = call.png; sourceTree = "<group>"; };
		CD00A85C20D9C0C6003F6A9D /* clock.png */ = {isa = PBXFileReference; lastKnownFileType = image.png; path = clock.png; sourceTree = "<group>"; };
		CD00A85E20D9C0D4003F6A9D /* name.png */ = {isa = PBXFileReference; lastKnownFileType = image.png; path = name.png; sourceTree = "<group>"; };
		CD00A86020D9C0DC003F6A9D /* review.png */ = {isa = PBXFileReference; lastKnownFileType = image.png; path = review.png; sourceTree = "<group>"; };
		CD00A86220D9C0EB003F6A9D /* comment.png */ = {isa = PBXFileReference; lastKnownFileType = image.png; path = comment.png; sourceTree = "<group>"; };
		CD00A86420D9C0F2003F6A9D /* address.png */ = {isa = PBXFileReference; lastKnownFileType = image.png; path = address.png; sourceTree = "<group>"; };
		CD00A86620D9C100003F6A9D /* shutdown.png */ = {isa = PBXFileReference; lastKnownFileType = image.png; path = shutdown.png; sourceTree = "<group>"; };
		CD00A86820D9C10F003F6A9D /* menu.png */ = {isa = PBXFileReference; lastKnownFileType = image.png; path = menu.png; sourceTree = "<group>"; };
		CD00A86A20D9C11D003F6A9D /* map.png */ = {isa = PBXFileReference; lastKnownFileType = image.png; path = map.png; sourceTree = "<group>"; };
		CD3FFFC820D9432400496C79 /* FinalApp.app */ = {isa = PBXFileReference; explicitFileType = wrapper.application; includeInIndex = 0; path = FinalApp.app; sourceTree = BUILT_PRODUCTS_DIR; };
		CD3FFFCB20D9432400496C79 /* AppDelegate.swift */ = {isa = PBXFileReference; lastKnownFileType = sourcecode.swift; path = AppDelegate.swift; sourceTree = "<group>"; };
		CD3FFFD020D9432400496C79 /* Base */ = {isa = PBXFileReference; lastKnownFileType = file.storyboard; name = Base; path = Base.lproj/Main.storyboard; sourceTree = "<group>"; };
		CD3FFFD220D9432400496C79 /* Assets.xcassets */ = {isa = PBXFileReference; lastKnownFileType = folder.assetcatalog; path = Assets.xcassets; sourceTree = "<group>"; };
		CD3FFFD520D9432400496C79 /* Base */ = {isa = PBXFileReference; lastKnownFileType = file.storyboard; name = Base; path = Base.lproj/LaunchScreen.storyboard; sourceTree = "<group>"; };
		CD3FFFD720D9432400496C79 /* Info.plist */ = {isa = PBXFileReference; lastKnownFileType = text.plist.xml; path = Info.plist; sourceTree = "<group>"; };
		CD3FFFDD20D9436800496C79 /* LoginViewController.swift */ = {isa = PBXFileReference; lastKnownFileType = sourcecode.swift; path = LoginViewController.swift; sourceTree = "<group>"; };
		CD49DEE920D9461500089C5C /* CreateViewController.swift */ = {isa = PBXFileReference; lastKnownFileType = sourcecode.swift; path = CreateViewController.swift; sourceTree = "<group>"; };
		CD49DEEB20D9476700089C5C /* InputViewController.swift */ = {isa = PBXFileReference; lastKnownFileType = sourcecode.swift; path = InputViewController.swift; sourceTree = "<group>"; };
		CD49DEF020D9491D00089C5C /* MainTableViewController.swift */ = {isa = PBXFileReference; lastKnownFileType = sourcecode.swift; path = MainTableViewController.swift; sourceTree = "<group>"; };
		CD49DF1420D94AD500089C5C /* _016120081.xcdatamodel */ = {isa = PBXFileReference; lastKnownFileType = wrapper.xcdatamodel; path = _016120081.xcdatamodel; sourceTree = "<group>"; };
		CD49DF1620D94E0600089C5C /* DetailViewController.swift */ = {isa = PBXFileReference; lastKnownFileType = sourcecode.swift; path = DetailViewController.swift; sourceTree = "<group>"; };
		CD49DF1820D94F1000089C5C /* CameraViewController.swift */ = {isa = PBXFileReference; lastKnownFileType = sourcecode.swift; path = CameraViewController.swift; sourceTree = "<group>"; };
		CD49DF1A20D94F9500089C5C /* AutoAddViewController.swift */ = {isa = PBXFileReference; lastKnownFileType = sourcecode.swift; path = AutoAddViewController.swift; sourceTree = "<group>"; };
		CD49DF1C20D950E300089C5C /* AlbumViewController.swift */ = {isa = PBXFileReference; lastKnownFileType = sourcecode.swift; path = AlbumViewController.swift; sourceTree = "<group>"; };
		CD49DF1E20D9518100089C5C /* AlbumCollectionViewCell.swift */ = {isa = PBXFileReference; lastKnownFileType = sourcecode.swift; path = AlbumCollectionViewCell.swift; sourceTree = "<group>"; };
		CD49DF2020D951B900089C5C /* Supporting File.swift */ = {isa = PBXFileReference; lastKnownFileType = sourcecode.swift; path = "Supporting File.swift"; sourceTree = "<group>"; };
		CD49DF2520D9538C00089C5C /* 레전드 실내 양궁장.png */ = {isa = PBXFileReference; lastKnownFileType = image.png; path = "레전드 실내 양궁장.png"; sourceTree = "<group>"; };
		CD49DF2720D9539300089C5C /* 롯데백화점 노원점.png */ = {isa = PBXFileReference; lastKnownFileType = image.png; path = "롯데백화점 노원점.png"; sourceTree = "<group>"; };
		CD49DF2920D9539700089C5C /* 소라분식.png */ = {isa = PBXFileReference; lastKnownFileType = image.png; path = "소라분식.png"; sourceTree = "<group>"; };
		CD49DF2B20D9539C00089C5C /* 스와레.png */ = {isa = PBXFileReference; lastKnownFileType = image.png; path = "스와레.png"; sourceTree = "<group>"; };
		CD49DF2D20D953A100089C5C /* 중계근린공원.png */ = {isa = PBXFileReference; lastKnownFileType = image.png; path = "중계근린공원.png"; sourceTree = "<group>"; };
/* End PBXFileReference section */

/* Begin PBXFrameworksBuildPhase section */
		CD3FFFC520D9432400496C79 /* Frameworks */ = {
			isa = PBXFrameworksBuildPhase;
			buildActionMask = 2147483647;
			files = (
			);
			runOnlyForDeploymentPostprocessing = 0;
		};
/* End PBXFrameworksBuildPhase section */

/* Begin PBXGroup section */
		CD3FFFBF20D9432400496C79 = {
			isa = PBXGroup;
			children = (
				CD3FFFCA20D9432400496C79 /* FinalApp */,
				CD3FFFC920D9432400496C79 /* Products */,
			);
			sourceTree = "<group>";
		};
		CD3FFFC920D9432400496C79 /* Products */ = {
			isa = PBXGroup;
			children = (
				CD3FFFC820D9432400496C79 /* FinalApp.app */,
			);
			name = Products;
			sourceTree = "<group>";
		};
		CD3FFFCA20D9432400496C79 /* FinalApp */ = {
			isa = PBXGroup;
			children = (
				CD49DF2420D9532D00089C5C /* Image */,
				CD49DEED20D9485E00089C5C /* Icone */,
				CD3FFFCB20D9432400496C79 /* AppDelegate.swift */,
				CD3FFFCF20D9432400496C79 /* Main.storyboard */,
				CD3FFFDD20D9436800496C79 /* LoginViewController.swift */,
				CD49DEE920D9461500089C5C /* CreateViewController.swift */,
				CD49DEEB20D9476700089C5C /* InputViewController.swift */,
				CD49DEF020D9491D00089C5C /* MainTableViewController.swift */,
				CD49DF1820D94F1000089C5C /* CameraViewController.swift */,
				CD49DF1C20D950E300089C5C /* AlbumViewController.swift */,
				CD49DF1E20D9518100089C5C /* AlbumCollectionViewCell.swift */,
				CD49DF2020D951B900089C5C /* Supporting File.swift */,
				CD49DF1A20D94F9500089C5C /* AutoAddViewController.swift */,
				CD00A84020D993BA003F6A9D /* SelfAddViewController.swift */,
				CD00A83E20D968D2003F6A9D /* DetailData.swift */,
				CD00A83620D95AF6003F6A9D /* MoreDetailViewController.swift */,
				CD49DF1620D94E0600089C5C /* DetailViewController.swift */,
				CD3FFFD220D9432400496C79 /* Assets.xcassets */,
				CD3FFFD420D9432400496C79 /* LaunchScreen.storyboard */,
				CD3FFFD720D9432400496C79 /* Info.plist */,
				CD49DF1320D94AD500089C5C /* _016120081.xcdatamodeld */,
			);
			path = FinalApp;
			sourceTree = "<group>";
		};
		CD49DEED20D9485E00089C5C /* Icone */ = {
			isa = PBXGroup;
			children = (
				CD00A83420D956C4003F6A9D /* logout.png */,
				CD00A83220D95677003F6A9D /* 하트.jpeg */,
				CD00A85C20D9C0C6003F6A9D /* clock.png */,
				CD00A85A20D9C0C0003F6A9D /* call.png */,
				CD00A86420D9C0F2003F6A9D /* address.png */,
				CD00A86A20D9C11D003F6A9D /* map.png */,
				CD00A86820D9C10F003F6A9D /* menu.png */,
				CD00A86620D9C100003F6A9D /* shutdown.png */,
				CD00A86220D9C0EB003F6A9D /* comment.png */,
				CD00A86020D9C0DC003F6A9D /* review.png */,
				CD00A85E20D9C0D4003F6A9D /* name.png */,
				CD00A85820D9C0BA003F6A9D /* arrow.png */,
				CD00A84220D996B8003F6A9D /* 체크.png */,
			);
			path = Icone;
			sourceTree = "<group>";
		};
		CD49DF2420D9532D00089C5C /* Image */ = {
			isa = PBXGroup;
			children = (
				CD00A84A20D9AB8B003F6A9D /* 배경화면3.png */,
				CD00A85020D9B41D003F6A9D /* 배경화면6.png */,
				CD00A85620D9BBB5003F6A9D /* 스와레 가는길.jpeg */,
				CD00A85420D9B8C0003F6A9D /* 스와레2.png */,
				CD00A84420D9A3D1003F6A9D /* 배경화면1.png */,
				CD00A83C20D95E6F003F6A9D /* 스와레 메뉴.png */,
				CD00A83A20D95D27003F6A9D /* 스와레 지도.png */,
				CD49DF2D20D953A100089C5C /* 중계근린공원.png */,
				CD00A83820D95C6B003F6A9D /* 카메라.png */,
				CD49DF2B20D9539C00089C5C /* 스와레.png */,
				CD49DF2920D9539700089C5C /* 소라분식.png */,
				CD49DF2720D9539300089C5C /* 롯데백화점 노원점.png */,
				CD49DF2520D9538C00089C5C /* 레전드 실내 양궁장.png */,
			);
			path = Image;
			sourceTree = "<group>";
		};
/* End PBXGroup section */

/* Begin PBXNativeTarget section */
		CD3FFFC720D9432400496C79 /* FinalApp */ = {
			isa = PBXNativeTarget;
			buildConfigurationList = CD3FFFDA20D9432400496C79 /* Build configuration list for PBXNativeTarget "FinalApp" */;
			buildPhases = (
				CD3FFFC420D9432400496C79 /* Sources */,
				CD3FFFC520D9432400496C79 /* Frameworks */,
				CD3FFFC620D9432400496C79 /* Resources */,
			);
			buildRules = (
			);
			dependencies = (
			);
			name = FinalApp;
			productName = FinalApp;
			productReference = CD3FFFC820D9432400496C79 /* FinalApp.app */;
			productType = "com.apple.product-type.application";
		};
/* End PBXNativeTarget section */

/* Begin PBXProject section */
		CD3FFFC020D9432400496C79 /* Project object */ = {
			isa = PBXProject;
			attributes = {
				LastSwiftUpdateCheck = 0920;
				LastUpgradeCheck = 0920;
				ORGANIZATIONNAME = SWUCOMPUTER;
				TargetAttributes = {
					CD3FFFC720D9432400496C79 = {
						CreatedOnToolsVersion = 9.2;
						ProvisioningStyle = Automatic;
					};
				};
			};
			buildConfigurationList = CD3FFFC320D9432400496C79 /* Build configuration list for PBXProject "FinalApp" */;
			compatibilityVersion = "Xcode 8.0";
			developmentRegion = en;
			hasScannedForEncodings = 0;
			knownRegions = (
				en,
				Base,
			);
			mainGroup = CD3FFFBF20D9432400496C79;
			productRefGroup = CD3FFFC920D9432400496C79 /* Products */;
			projectDirPath = "";
			projectRoot = "";
			targets = (
				CD3FFFC720D9432400496C79 /* FinalApp */,
			);
		};
/* End PBXProject section */

/* Begin PBXResourcesBuildPhase section */
		CD3FFFC620D9432400496C79 /* Resources */ = {
			isa = PBXResourcesBuildPhase;
			buildActionMask = 2147483647;
			files = (
				CD49DF2620D9538C00089C5C /* 레전드 실내 양궁장.png in Resources */,
				CD00A84B20D9AB8C003F6A9D /* 배경화면3.png in Resources */,
				CD00A86320D9C0EE003F6A9D /* comment.png in Resources */,
				CD00A85B20D9C0C4003F6A9D /* call.png in Resources */,
				CD00A86920D9C112003F6A9D /* menu.png in Resources */,
				CD00A86520D9C0F5003F6A9D /* address.png in Resources */,
				CD00A85720D9BBB5003F6A9D /* 스와레 가는길.jpeg in Resources */,
				CD00A85920D9C0BA003F6A9D /* arrow.png in Resources */,
				CD00A85520D9B8C1003F6A9D /* 스와레2.png in Resources */,
				CD49DF2C20D9539C00089C5C /* 스와레.png in Resources */,
				CD00A86120D9C0DF003F6A9D /* review.png in Resources */,
				CD49DF2820D9539300089C5C /* 롯데백화점 노원점.png in Resources */,
				CD00A83B20D95D27003F6A9D /* 스와레 지도.png in Resources */,
				CD00A85F20D9C0D7003F6A9D /* name.png in Resources */,
				CD00A83D20D95E6F003F6A9D /* 스와레 메뉴.png in Resources */,
				CD00A84320D996B8003F6A9D /* 체크.png in Resources */,
				CD00A86B20D9C11D003F6A9D /* map.png in Resources */,
				CD3FFFD620D9432400496C79 /* LaunchScreen.storyboard in Resources */,
				CD00A85120D9B41D003F6A9D /* 배경화면6.png in Resources */,
				CD00A84520D9A3D1003F6A9D /* 배경화면1.png in Resources */,
				CD3FFFD320D9432400496C79 /* Assets.xcassets in Resources */,
				CD00A83920D95C6B003F6A9D /* 카메라.png in Resources */,
				CD3FFFD120D9432400496C79 /* Main.storyboard in Resources */,
				CD49DF2A20D9539700089C5C /* 소라분식.png in Resources */,
				CD00A85D20D9C0C9003F6A9D /* clock.png in Resources */,
				CD00A83520D956C4003F6A9D /* logout.png in Resources */,
				CD00A86720D9C101003F6A9D /* shutdown.png in Resources */,
				CD49DF2E20D953A100089C5C /* 중계근린공원.png in Resources */,
				CD00A83320D95677003F6A9D /* 하트.jpeg in Resources */,
			);
			runOnlyForDeploymentPostprocessing = 0;
		};
/* End PBXResourcesBuildPhase section */

/* Begin PBXSourcesBuildPhase section */
		CD3FFFC420D9432400496C79 /* Sources */ = {
			isa = PBXSourcesBuildPhase;
			buildActionMask = 2147483647;
			files = (
				CD3FFFDE20D9436800496C79 /* LoginViewController.swift in Sources */,
				CD00A83720D95AF6003F6A9D /* MoreDetailViewController.swift in Sources */,
				CD3FFFCC20D9432400496C79 /* AppDelegate.swift in Sources */,
				CD49DEEA20D9461500089C5C /* CreateViewController.swift in Sources */,
				CD00A84120D993BA003F6A9D /* SelfAddViewController.swift in Sources */,
				CD00A83F20D968D2003F6A9D /* DetailData.swift in Sources */,
				CD49DF2120D951B900089C5C /* Supporting File.swift in Sources */,
				CD49DF1520D94AD500089C5C /* _016120081.xcdatamodeld in Sources */,
				CD49DF1B20D94F9500089C5C /* AutoAddViewController.swift in Sources */,
				CD49DEF120D9491D00089C5C /* MainTableViewController.swift in Sources */,
				CD49DF1D20D950E300089C5C /* AlbumViewController.swift in Sources */,
				CD49DF1920D94F1000089C5C /* CameraViewController.swift in Sources */,
				CD49DEEC20D9476700089C5C /* InputViewController.swift in Sources */,
				CD49DF1F20D9518100089C5C /* AlbumCollectionViewCell.swift in Sources */,
				CD49DF1720D94E0600089C5C /* DetailViewController.swift in Sources */,
			);
			runOnlyForDeploymentPostprocessing = 0;
		};
/* End PBXSourcesBuildPhase section */

/* Begin PBXVariantGroup section */
		CD3FFFCF20D9432400496C79 /* Main.storyboard */ = {
			isa = PBXVariantGroup;
			children = (
				CD3FFFD020D9432400496C79 /* Base */,
			);
			name = Main.storyboard;
			sourceTree = "<group>";
		};
		CD3FFFD420D9432400496C79 /* LaunchScreen.storyboard */ = {
			isa = PBXVariantGroup;
			children = (
				CD3FFFD520D9432400496C79 /* Base */,
			);
			name = LaunchScreen.storyboard;
			sourceTree = "<group>";
		};
/* End PBXVariantGroup section */

/* Begin XCBuildConfiguration section */
		CD3FFFD820D9432400496C79 /* Debug */ = {
			isa = XCBuildConfiguration;
			buildSettings = {
				ALWAYS_SEARCH_USER_PATHS = NO;
				CLANG_ANALYZER_NONNULL = YES;
				CLANG_ANALYZER_NUMBER_OBJECT_CONVERSION = YES_AGGRESSIVE;
				CLANG_CXX_LANGUAGE_STANDARD = "gnu++14";
				CLANG_CXX_LIBRARY = "libc++";
				CLANG_ENABLE_MODULES = YES;
				CLANG_ENABLE_OBJC_ARC = YES;
				CLANG_WARN_BLOCK_CAPTURE_AUTORELEASING = YES;
				CLANG_WARN_BOOL_CONVERSION = YES;
				CLANG_WARN_COMMA = YES;
				CLANG_WARN_CONSTANT_CONVERSION = YES;
				CLANG_WARN_DIRECT_OBJC_ISA_USAGE = YES_ERROR;
				CLANG_WARN_DOCUMENTATION_COMMENTS = YES;
				CLANG_WARN_EMPTY_BODY = YES;
				CLANG_WARN_ENUM_CONVERSION = YES;
				CLANG_WARN_INFINITE_RECURSION = YES;
				CLANG_WARN_INT_CONVERSION = YES;
				CLANG_WARN_NON_LITERAL_NULL_CONVERSION = YES;
				CLANG_WARN_OBJC_LITERAL_CONVERSION = YES;
				CLANG_WARN_OBJC_ROOT_CLASS = YES_ERROR;
				CLANG_WARN_RANGE_LOOP_ANALYSIS = YES;
				CLANG_WARN_STRICT_PROTOTYPES = YES;
				CLANG_WARN_SUSPICIOUS_MOVE = YES;
				CLANG_WARN_UNGUARDED_AVAILABILITY = YES_AGGRESSIVE;
				CLANG_WARN_UNREACHABLE_CODE = YES;
				CLANG_WARN__DUPLICATE_METHOD_MATCH = YES;
				CODE_SIGN_IDENTITY = "iPhone Developer";
				COPY_PHASE_STRIP = NO;
				DEBUG_INFORMATION_FORMAT = dwarf;
				ENABLE_STRICT_OBJC_MSGSEND = YES;
				ENABLE_TESTABILITY = YES;
				GCC_C_LANGUAGE_STANDARD = gnu11;
				GCC_DYNAMIC_NO_PIC = NO;
				GCC_NO_COMMON_BLOCKS = YES;
				GCC_OPTIMIZATION_LEVEL = 0;
				GCC_PREPROCESSOR_DEFINITIONS = (
					"DEBUG=1",
					"$(inherited)",
				);
				GCC_WARN_64_TO_32_BIT_CONVERSION = YES;
				GCC_WARN_ABOUT_RETURN_TYPE = YES_ERROR;
				GCC_WARN_UNDECLARED_SELECTOR = YES;
				GCC_WARN_UNINITIALIZED_AUTOS = YES_AGGRESSIVE;
				GCC_WARN_UNUSED_FUNCTION = YES;
				GCC_WARN_UNUSED_VARIABLE = YES;
				IPHONEOS_DEPLOYMENT_TARGET = 11.2;
				MTL_ENABLE_DEBUG_INFO = YES;
				ONLY_ACTIVE_ARCH = YES;
				SDKROOT = iphoneos;
				SWIFT_ACTIVE_COMPILATION_CONDITIONS = DEBUG;
				SWIFT_OPTIMIZATION_LEVEL = "-Onone";
			};
			name = Debug;
		};
		CD3FFFD920D9432400496C79 /* Release */ = {
			isa = XCBuildConfiguration;
			buildSettings = {
				ALWAYS_SEARCH_USER_PATHS = NO;
				CLANG_ANALYZER_NONNULL = YES;
				CLANG_ANALYZER_NUMBER_OBJECT_CONVERSION = YES_AGGRESSIVE;
				CLANG_CXX_LANGUAGE_STANDARD = "gnu++14";
				CLANG_CXX_LIBRARY = "libc++";
				CLANG_ENABLE_MODULES = YES;
				CLANG_ENABLE_OBJC_ARC = YES;
				CLANG_WARN_BLOCK_CAPTURE_AUTORELEASING = YES;
				CLANG_WARN_BOOL_CONVERSION = YES;
				CLANG_WARN_COMMA = YES;
				CLANG_WARN_CONSTANT_CONVERSION = YES;
				CLANG_WARN_DIRECT_OBJC_ISA_USAGE = YES_ERROR;
				CLANG_WARN_DOCUMENTATION_COMMENTS = YES;
				CLANG_WARN_EMPTY_BODY = YES;
				CLANG_WARN_ENUM_CONVERSION = YES;
				CLANG_WARN_INFINITE_RECURSION = YES;
				CLANG_WARN_INT_CONVERSION = YES;
				CLANG_WARN_NON_LITERAL_NULL_CONVERSION = YES;
				CLANG_WARN_OBJC_LITERAL_CONVERSION = YES;
				CLANG_WARN_OBJC_ROOT_CLASS = YES_ERROR;
				CLANG_WARN_RANGE_LOOP_ANALYSIS = YES;
				CLANG_WARN_STRICT_PROTOTYPES = YES;
				CLANG_WARN_SUSPICIOUS_MOVE = YES;
				CLANG_WARN_UNGUARDED_AVAILABILITY = YES_AGGRESSIVE;
				CLANG_WARN_UNREACHABLE_CODE = YES;
				CLANG_WARN__DUPLICATE_METHOD_MATCH = YES;
				CODE_SIGN_IDENTITY = "iPhone Developer";
				COPY_PHASE_STRIP = NO;
				DEBUG_INFORMATION_FORMAT = "dwarf-with-dsym";
				ENABLE_NS_ASSERTIONS = NO;
				ENABLE_STRICT_OBJC_MSGSEND = YES;
				GCC_C_LANGUAGE_STANDARD = gnu11;
				GCC_NO_COMMON_BLOCKS = YES;
				GCC_WARN_64_TO_32_BIT_CONVERSION = YES;
				GCC_WARN_ABOUT_RETURN_TYPE = YES_ERROR;
				GCC_WARN_UNDECLARED_SELECTOR = YES;
				GCC_WARN_UNINITIALIZED_AUTOS = YES_AGGRESSIVE;
				GCC_WARN_UNUSED_FUNCTION = YES;
				GCC_WARN_UNUSED_VARIABLE = YES;
				IPHONEOS_DEPLOYMENT_TARGET = 11.2;
				MTL_ENABLE_DEBUG_INFO = NO;
				SDKROOT = iphoneos;
				SWIFT_OPTIMIZATION_LEVEL = "-Owholemodule";
				VALIDATE_PRODUCT = YES;
			};
			name = Release;
		};
		CD3FFFDB20D9432400496C79 /* Debug */ = {
			isa = XCBuildConfiguration;
			buildSettings = {
				ASSETCATALOG_COMPILER_APPICON_NAME = AppIcon;
				CODE_SIGN_STYLE = Automatic;
				INFOPLIST_FILE = FinalApp/Info.plist;
				LD_RUNPATH_SEARCH_PATHS = "$(inherited) @executable_path/Frameworks";
				PRODUCT_BUNDLE_IDENTIFIER = kr.ac.swu.FinalApp;
				PRODUCT_NAME = "$(TARGET_NAME)";
				SWIFT_VERSION = 4.0;
				TARGETED_DEVICE_FAMILY = "1,2";
			};
			name = Debug;
		};
		CD3FFFDC20D9432400496C79 /* Release */ = {
			isa = XCBuildConfiguration;
			buildSettings = {
				ASSETCATALOG_COMPILER_APPICON_NAME = AppIcon;
				CODE_SIGN_STYLE = Automatic;
				INFOPLIST_FILE = FinalApp/Info.plist;
				LD_RUNPATH_SEARCH_PATHS = "$(inherited) @executable_path/Frameworks";
				PRODUCT_BUNDLE_IDENTIFIER = kr.ac.swu.FinalApp;
				PRODUCT_NAME = "$(TARGET_NAME)";
				SWIFT_VERSION = 4.0;
				TARGETED_DEVICE_FAMILY = "1,2";
			};
			name = Release;
		};
/* End XCBuildConfiguration section */

/* Begin XCConfigurationList section */
		CD3FFFC320D9432400496C79 /* Build configuration list for PBXProject "FinalApp" */ = {
			isa = XCConfigurationList;
			buildConfigurations = (
				CD3FFFD820D9432400496C79 /* Debug */,
				CD3FFFD920D9432400496C79 /* Release */,
			);
			defaultConfigurationIsVisible = 0;
			defaultConfigurationName = Release;
		};
		CD3FFFDA20D9432400496C79 /* Build configuration list for PBXNativeTarget "FinalApp" */ = {
			isa = XCConfigurationList;
			buildConfigurations = (
				CD3FFFDB20D9432400496C79 /* Debug */,
				CD3FFFDC20D9432400496C79 /* Release */,
			);
			defaultConfigurationIsVisible = 0;
			defaultConfigurationName = Release;
		};
/* End XCConfigurationList section */

/* Begin XCVersionGroup section */
		CD49DF1320D94AD500089C5C /* _016120081.xcdatamodeld */ = {
			isa = XCVersionGroup;
			children = (
				CD49DF1420D94AD500089C5C /* _016120081.xcdatamodel */,
			);
			currentVersion = CD49DF1420D94AD500089C5C /* _016120081.xcdatamodel */;
			path = _016120081.xcdatamodeld;
			sourceTree = "<group>";
			versionGroupType = wrapper.xcdatamodel;
		};
/* End XCVersionGroup section */
	};
	rootObject = CD3FFFC020D9432400496C79 /* Project object */;
}
